
Microsoft Visual Studio Solution File, Format Version 12.00
# Visual Studio Version 16
VisualStudioVersion = 16.0.31829.152
MinimumVisualStudioVersion = 10.0.40219.1
Project("{FAE04EC0-301F-11D3-BF4B-00C04F79EFBC}") = "Shelf_Register", "Shelf_Register\Shelf_Register.csproj", "{B5F746F5-3B08-49BA-9B31-3F91EC4381CA}"
EndProject
Global
	GlobalSection(SolutionConfigurationPlatforms) = preSolution
		Debug|Any CPU = Debug|Any CPU
		Release|Any CPU = Release|Any CPU
	EndGlobalSection
	GlobalSection(ProjectConfigurationPlatforms) = postSolution
		{B5F746F5-3B08-49BA-9B31-3F91EC4381CA}.Debug|Any CPU.ActiveCfg = Debug|Any CPU
		{B5F746F5-3B08-49BA-9B31-3F91EC4381CA}.Debug|Any CPU.Build.0 = Debug|Any CPU
		{B5F746F5-3B08-49BA-9B31-3F91EC4381CA}.Release|Any CPU.ActiveCfg = Release|Any CPU
		{B5F746F5-3B08-49BA-9B31-3F91EC4381CA}.Release|Any CPU.Build.0 = Release|Any CPU
	EndGlobalSection
	GlobalSection(SolutionProperties) = preSolution
		HideSolutionNode = FALSE
	EndGlobalSection
	GlobalSection(ExtensibilityGlobals) = postSolution
		SolutionGuid = {0BBB8ED6-A294-415C-86B8-97D835B08210}
	EndGlobalSection
EndGlobal
